
Microsoft Visual Studio Solution File, Format Version 12.00
# Visual Studio 2012
Project("{FAE04EC0-301F-11D3-BF4B-00C04F79EFBC}") = "ModelInfo", "ModelInfo\ModelInfo.csproj", "{28B0FF25-82D1-4AD7-B262-35089DF4B320}"
EndProject
Project("{FAE04EC0-301F-11D3-BF4B-00C04F79EFBC}") = "SQLDAL", "SQLDAL\SQLDAL.csproj", "{06CBC443-0619-4D6C-845E-71A5C19C7018}"
EndProject
Project("{E24C65DC-7377-472B-9ABA-BC803B73C61A}") = "web", "web\", "{90C044D3-E9A8-403F-8490-DE9B380FC52B}"
	ProjectSection(WebsiteProperties) = preProject
		SccProjectName = ""
		SccAuxPath = ""
		SccLocalPath = ""
		SccProvider = ""
		TargetFrameworkMoniker = ".NETFramework,Version%3Dv4.0"
		ProjectReferences = "{28B0FF25-82D1-4AD7-B262-35089DF4B320}|ModelInfo.dll;{06CBC443-0619-4D6C-845E-71A5C19C7018}|SQLDAL.dll;"
		Debug.AspNetCompiler.VirtualPath = "/web"
		Debug.AspNetCompiler.PhysicalPath = "web\"
		Debug.AspNetCompiler.TargetPath = "PrecompiledWeb\web\"
		Debug.AspNetCompiler.Updateable = "true"
		Debug.AspNetCompiler.ForceOverwrite = "true"
		Debug.AspNetCompiler.FixedNames = "false"
		Debug.AspNetCompiler.Debug = "True"
		Release.AspNetCompiler.VirtualPath = "/web"
		Release.AspNetCompiler.PhysicalPath = "web\"
		Release.AspNetCompiler.TargetPath = "PrecompiledWeb\web\"
		Release.AspNetCompiler.Updateable = "true"
		Release.AspNetCompiler.ForceOverwrite = "true"
		Release.AspNetCompiler.FixedNames = "false"
		Release.AspNetCompiler.Debug = "False"
		VWDPort = "17295"
		DefaultWebSiteLanguage = "Visual C#"
	EndProjectSection
EndProject
Global
	GlobalSection(SolutionConfigurationPlatforms) = preSolution
		Debug|Any CPU = Debug|Any CPU
		Release|Any CPU = Release|Any CPU
	EndGlobalSection
	GlobalSection(ProjectConfigurationPlatforms) = postSolution
		{28B0FF25-82D1-4AD7-B262-35089DF4B320}.Debug|Any CPU.ActiveCfg = Debug|Any CPU
		{28B0FF25-82D1-4AD7-B262-35089DF4B320}.Debug|Any CPU.Build.0 = Debug|Any CPU
		{28B0FF25-82D1-4AD7-B262-35089DF4B320}.Release|Any CPU.ActiveCfg = Release|Any CPU
		{28B0FF25-82D1-4AD7-B262-35089DF4B320}.Release|Any CPU.Build.0 = Release|Any CPU
		{06CBC443-0619-4D6C-845E-71A5C19C7018}.Debug|Any CPU.ActiveCfg = Debug|Any CPU
		{06CBC443-0619-4D6C-845E-71A5C19C7018}.Debug|Any CPU.Build.0 = Debug|Any CPU
		{06CBC443-0619-4D6C-845E-71A5C19C7018}.Release|Any CPU.ActiveCfg = Release|Any CPU
		{06CBC443-0619-4D6C-845E-71A5C19C7018}.Release|Any CPU.Build.0 = Release|Any CPU
		{90C044D3-E9A8-403F-8490-DE9B380FC52B}.Debug|Any CPU.ActiveCfg = Debug|Any CPU
		{90C044D3-E9A8-403F-8490-DE9B380FC52B}.Debug|Any CPU.Build.0 = Debug|Any CPU
		{90C044D3-E9A8-403F-8490-DE9B380FC52B}.Release|Any CPU.ActiveCfg = Debug|Any CPU
		{90C044D3-E9A8-403F-8490-DE9B380FC52B}.Release|Any CPU.Build.0 = Debug|Any CPU
	EndGlobalSection
	GlobalSection(SolutionProperties) = preSolution
		HideSolutionNode = FALSE
	EndGlobalSection
EndGlobal
